
Microsoft Visual Studio Solution File, Format Version 12.00
Project("{FAE04EC0-301F-11D3-BF4B-00C04F79EFBC}") = "Aspire.TraceLens", "Aspire.TraceLens.csproj", "{86224012-B754-47CD-BD99-5C095D2B1198}"
EndProject
Global
	GlobalSection(SolutionConfigurationPlatforms) = preSolution
		Debug|Any CPU = Debug|Any CPU
		Release|Any CPU = Release|Any CPU
	EndGlobalSection
	GlobalSection(ProjectConfigurationPlatforms) = postSolution
		{86224012-B754-47CD-BD99-5C095D2B1198}.Debug|Any CPU.ActiveCfg = Debug|Any CPU
		{86224012-B754-47CD-BD99-5C095D2B1198}.Debug|Any CPU.Build.0 = Debug|Any CPU
		{86224012-B754-47CD-BD99-5C095D2B1198}.Release|Any CPU.ActiveCfg = Release|Any CPU
		{86224012-B754-47CD-BD99-5C095D2B1198}.Release|Any CPU.Build.0 = Release|Any CPU
	EndGlobalSection
EndGlobal
